
Microsoft Visual Studio Solution File, Format Version 12.00
# Visual Studio Version 17
VisualStudioVersion = 17.7.34031.279
MinimumVisualStudioVersion = 10.0.40219.1
Project("{FAE04EC0-301F-11D3-BF4B-00C04F79EFBC}") = "Matriz-C#", "Matriz-C#\Matriz-C#.csproj", "{4247075C-0B39-49C0-BCC2-7BBB13F836E0}"
EndProject
Global
	GlobalSection(SolutionConfigurationPlatforms) = preSolution
		Debug|Any CPU = Debug|Any CPU
		Release|Any CPU = Release|Any CPU
	EndGlobalSection
	GlobalSection(ProjectConfigurationPlatforms) = postSolution
		{4247075C-0B39-49C0-BCC2-7BBB13F836E0}.Debug|Any CPU.ActiveCfg = Debug|Any CPU
		{4247075C-0B39-49C0-BCC2-7BBB13F836E0}.Debug|Any CPU.Build.0 = Debug|Any CPU
		{4247075C-0B39-49C0-BCC2-7BBB13F836E0}.Release|Any CPU.ActiveCfg = Release|Any CPU
		{4247075C-0B39-49C0-BCC2-7BBB13F836E0}.Release|Any CPU.Build.0 = Release|Any CPU
	EndGlobalSection
	GlobalSection(SolutionProperties) = preSolution
		HideSolutionNode = FALSE
	EndGlobalSection
	GlobalSection(ExtensibilityGlobals) = postSolution
		SolutionGuid = {F12CED62-898C-4299-9993-EDBC819AC844}
	EndGlobalSection
EndGlobal
